
Microsoft Visual Studio Solution File, Format Version 12.00
# Visual Studio Version 17
VisualStudioVersion = 17.6.33829.357
MinimumVisualStudioVersion = 10.0.40219.1
Project("{FAE04EC0-301F-11D3-BF4B-00C04F79EFBC}") = "Login_Register", "Login_Register\Login_Register.csproj", "{FCB08D9E-BEDB-4086-9FA3-2C85AC3CA9CB}"
EndProject
Global
	GlobalSection(SolutionConfigurationPlatforms) = preSolution
		Debug|Any CPU = Debug|Any CPU
		Release|Any CPU = Release|Any CPU
	EndGlobalSection
	GlobalSection(ProjectConfigurationPlatforms) = postSolution
		{FCB08D9E-BEDB-4086-9FA3-2C85AC3CA9CB}.Debug|Any CPU.ActiveCfg = Debug|Any CPU
		{FCB08D9E-BEDB-4086-9FA3-2C85AC3CA9CB}.Debug|Any CPU.Build.0 = Debug|Any CPU
		{FCB08D9E-BEDB-4086-9FA3-2C85AC3CA9CB}.Release|Any CPU.ActiveCfg = Release|Any CPU
		{FCB08D9E-BEDB-4086-9FA3-2C85AC3CA9CB}.Release|Any CPU.Build.0 = Release|Any CPU
	EndGlobalSection
	GlobalSection(SolutionProperties) = preSolution
		HideSolutionNode = FALSE
	EndGlobalSection
	GlobalSection(ExtensibilityGlobals) = postSolution
		SolutionGuid = {CAEE5F91-6172-46D8-B711-BE39F5E0908F}
	EndGlobalSection
EndGlobal
